
Microsoft Visual Studio Solution File, Format Version 12.00
# Visual Studio Version 17
VisualStudioVersion = 17.3.32929.385
MinimumVisualStudioVersion = 10.0.40219.1
Project("{FAE04EC0-301F-11D3-BF4B-00C04F79EFBC}") = "Lab1.UWP", "Lab1\Lab1.UWP\Lab1.UWP.csproj", "{05EDC859-3CDB-45DB-A981-C7FE7ABEDECE}"
EndProject
Project("{FAE04EC0-301F-11D3-BF4B-00C04F79EFBC}") = "Lab1.Android", "Lab1\Lab1.Android\Lab1.Android.csproj", "{673B9D9D-02EA-4EF8-BB07-464E69E0583B}"
EndProject
Project("{FAE04EC0-301F-11D3-BF4B-00C04F79EFBC}") = "Lab1.iOS", "Lab1\Lab1.iOS\Lab1.iOS.csproj", "{F0DBCC05-0276-421B-8719-84E4A29E6914}"
EndProject
Project("{FAE04EC0-301F-11D3-BF4B-00C04F79EFBC}") = "Lab1", "Lab1\Lab1\Lab1.csproj", "{E93E8113-6F80-4150-BA64-152B17ABF2DB}"
EndProject
Global
	GlobalSection(SolutionConfigurationPlatforms) = preSolution
		Debug|Any CPU = Debug|Any CPU
		Debug|ARM = Debug|ARM
		Debug|iPhone = Debug|iPhone
		Debug|iPhoneSimulator = Debug|iPhoneSimulator
		Debug|x64 = Debug|x64
		Debug|x86 = Debug|x86
		Release|Any CPU = Release|Any CPU
		Release|ARM = Release|ARM
		Release|iPhone = Release|iPhone
		Release|iPhoneSimulator = Release|iPhoneSimulator
		Release|x64 = Release|x64
		Release|x86 = Release|x86
	EndGlobalSection
	GlobalSection(ProjectConfigurationPlatforms) = postSolution
		{05EDC859-3CDB-45DB-A981-C7FE7ABEDECE}.Debug|Any CPU.ActiveCfg = Debug|x64
		{05EDC859-3CDB-45DB-A981-C7FE7ABEDECE}.Debug|Any CPU.Build.0 = Debug|x64
		{05EDC859-3CDB-45DB-A981-C7FE7ABEDECE}.Debug|Any CPU.Deploy.0 = Debug|x64
		{05EDC859-3CDB-45DB-A981-C7FE7ABEDECE}.Debug|ARM.ActiveCfg = Debug|ARM
		{05EDC859-3CDB-45DB-A981-C7FE7ABEDECE}.Debug|ARM.Build.0 = Debug|ARM
		{05EDC859-3CDB-45DB-A981-C7FE7ABEDECE}.Debug|ARM.Deploy.0 = Debug|ARM
		{05EDC859-3CDB-45DB-A981-C7FE7ABEDECE}.Debug|iPhone.ActiveCfg = Debug|x64
		{05EDC859-3CDB-45DB-A981-C7FE7ABEDECE}.Debug|iPhone.Build.0 = Debug|x64
		{05EDC859-3CDB-45DB-A981-C7FE7ABEDECE}.Debug|iPhone.Deploy.0 = Debug|x64
		{05EDC859-3CDB-45DB-A981-C7FE7ABEDECE}.Debug|iPhoneSimulator.ActiveCfg = Debug|x64
		{05EDC859-3CDB-45DB-A981-C7FE7ABEDECE}.Debug|iPhoneSimulator.Build.0 = Debug|x64
		{05EDC859-3CDB-45DB-A981-C7FE7ABEDECE}.Debug|iPhoneSimulator.Deploy.0 = Debug|x64
		{05EDC859-3CDB-45DB-A981-C7FE7ABEDECE}.Debug|x64.ActiveCfg = Debug|x64
		{05EDC859-3CDB-45DB-A981-C7FE7ABEDECE}.Debug|x64.Build.0 = Debug|x64
		{05EDC859-3CDB-45DB-A981-C7FE7ABEDECE}.Debug|x64.Deploy.0 = Debug|x64
		{05EDC859-3CDB-45DB-A981-C7FE7ABEDECE}.Debug|x86.ActiveCfg = Debug|x86
		{05EDC859-3CDB-45DB-A981-C7FE7ABEDECE}.Debug|x86.Build.0 = Debug|x86
		{05EDC859-3CDB-45DB-A981-C7FE7ABEDECE}.Debug|x86.Deploy.0 = Debug|x86
		{05EDC859-3CDB-45DB-A981-C7FE7ABEDECE}.Release|Any CPU.ActiveCfg = Release|x64
		{05EDC859-3CDB-45DB-A981-C7FE7ABEDECE}.Release|Any CPU.Build.0 = Release|x64
		{05EDC859-3CDB-45DB-A981-C7FE7ABEDECE}.Release|Any CPU.Deploy.0 = Release|x64
		{05EDC859-3CDB-45DB-A981-C7FE7ABEDECE}.Release|ARM.ActiveCfg = Release|ARM
		{05EDC859-3CDB-45DB-A981-C7FE7ABEDECE}.Release|ARM.Build.0 = Release|ARM
		{05EDC859-3CDB-45DB-A981-C7FE7ABEDECE}.Release|ARM.Deploy.0 = Release|ARM
		{05EDC859-3CDB-45DB-A981-C7FE7ABEDECE}.Release|iPhone.ActiveCfg = Release|x64
		{05EDC859-3CDB-45DB-A981-C7FE7ABEDECE}.Release|iPhone.Build.0 = Release|x64
		{05EDC859-3CDB-45DB-A981-C7FE7ABEDECE}.Release|iPhone.Deploy.0 = Release|x64
		{05EDC859-3CDB-45DB-A981-C7FE7ABEDECE}.Release|iPhoneSimulator.ActiveCfg = Release|x64
		{05EDC859-3CDB-45DB-A981-C7FE7ABEDECE}.Release|iPhoneSimulator.Build.0 = Release|x64
		{05EDC859-3CDB-45DB-A981-C7FE7ABEDECE}.Release|iPhoneSimulator.Deploy.0 = Release|x64
		{05EDC859-3CDB-45DB-A981-C7FE7ABEDECE}.Release|x64.ActiveCfg = Release|x64
		{05EDC859-3CDB-45DB-A981-C7FE7ABEDECE}.Release|x64.Build.0 = Release|x64
		{05EDC859-3CDB-45DB-A981-C7FE7ABEDECE}.Release|x64.Deploy.0 = Release|x64
		{05EDC859-3CDB-45DB-A981-C7FE7ABEDECE}.Release|x86.ActiveCfg = Release|x86
		{05EDC859-3CDB-45DB-A981-C7FE7ABEDECE}.Release|x86.Build.0 = Release|x86
		{05EDC859-3CDB-45DB-A981-C7FE7ABEDECE}.Release|x86.Deploy.0 = Release|x86
		{673B9D9D-02EA-4EF8-BB07-464E69E0583B}.Debug|Any CPU.ActiveCfg = Debug|Any CPU
		{673B9D9D-02EA-4EF8-BB07-464E69E0583B}.Debug|Any CPU.Build.0 = Debug|Any CPU
		{673B9D9D-02EA-4EF8-BB07-464E69E0583B}.Debug|Any CPU.Deploy.0 = Debug|Any CPU
		{673B9D9D-02EA-4EF8-BB07-464E69E0583B}.Debug|ARM.ActiveCfg = Debug|Any CPU
		{673B9D9D-02EA-4EF8-BB07-464E69E0583B}.Debug|ARM.Build.0 = Debug|Any CPU
		{673B9D9D-02EA-4EF8-BB07-464E69E0583B}.Debug|ARM.Deploy.0 = Debug|Any CPU
		{673B9D9D-02EA-4EF8-BB07-464E69E0583B}.Debug|iPhone.ActiveCfg = Debug|Any CPU
		{673B9D9D-02EA-4EF8-BB07-464E69E0583B}.Debug|iPhone.Build.0 = Debug|Any CPU
		{673B9D9D-02EA-4EF8-BB07-464E69E0583B}.Debug|iPhone.Deploy.0 = Debug|Any CPU
		{673B9D9D-02EA-4EF8-BB07-464E69E0583B}.Debug|iPhoneSimulator.ActiveCfg = Debug|Any CPU
		{673B9D9D-02EA-4EF8-BB07-464E69E0583B}.Debug|iPhoneSimulator.Build.0 = Debug|Any CPU
		{673B9D9D-02EA-4EF8-BB07-464E69E0583B}.Debug|iPhoneSimulator.Deploy.0 = Debug|Any CPU
		{673B9D9D-02EA-4EF8-BB07-464E69E0583B}.Debug|x64.ActiveCfg = Debug|Any CPU
		{673B9D9D-02EA-4EF8-BB07-464E69E0583B}.Debug|x64.Build.0 = Debug|Any CPU
		{673B9D9D-02EA-4EF8-BB07-464E69E0583B}.Debug|x64.Deploy.0 = Debug|Any CPU
		{673B9D9D-02EA-4EF8-BB07-464E69E0583B}.Debug|x86.ActiveCfg = Debug|Any CPU
		{673B9D9D-02EA-4EF8-BB07-464E69E0583B}.Debug|x86.Build.0 = Debug|Any CPU
		{673B9D9D-02EA-4EF8-BB07-464E69E0583B}.Debug|x86.Deploy.0 = Debug|Any CPU
		{673B9D9D-02EA-4EF8-BB07-464E69E0583B}.Release|Any CPU.ActiveCfg = Release|Any CPU
		{673B9D9D-02EA-4EF8-BB07-464E69E0583B}.Release|Any CPU.Build.0 = Release|Any CPU
		{673B9D9D-02EA-4EF8-BB07-464E69E0583B}.Release|Any CPU.Deploy.0 = Release|Any CPU
		{673B9D9D-02EA-4EF8-BB07-464E69E0583B}.Release|ARM.ActiveCfg = Release|Any CPU
		{673B9D9D-02EA-4EF8-BB07-464E69E0583B}.Release|ARM.Build.0 = Release|Any CPU
		{673B9D9D-02EA-4EF8-BB07-464E69E0583B}.Release|ARM.Deploy.0 = Release|Any CPU
		{673B9D9D-02EA-4EF8-BB07-464E69E0583B}.Release|iPhone.ActiveCfg = Release|Any CPU
		{673B9D9D-02EA-4EF8-BB07-464E69E0583B}.Release|iPhone.Build.0 = Release|Any CPU
		{673B9D9D-02EA-4EF8-BB07-464E69E0583B}.Release|iPhone.Deploy.0 = Release|Any CPU
		{673B9D9D-02EA-4EF8-BB07-464E69E0583B}.Release|iPhoneSimulator.ActiveCfg = Release|Any CPU
		{673B9D9D-02EA-4EF8-BB07-464E69E0583B}.Release|iPhoneSimulator.Build.0 = Release|Any CPU
		{673B9D9D-02EA-4EF8-BB07-464E69E0583B}.Release|iPhoneSimulator.Deploy.0 = Release|Any CPU
		{673B9D9D-02EA-4EF8-BB07-464E69E0583B}.Release|x64.ActiveCfg = Release|Any CPU
		{673B9D9D-02EA-4EF8-BB07-464E69E0583B}.Release|x64.Build.0 = Release|Any CPU
		{673B9D9D-02EA-4EF8-BB07-464E69E0583B}.Release|x64.Deploy.0 = Release|Any CPU
		{673B9D9D-02EA-4EF8-BB07-464E69E0583B}.Release|x86.ActiveCfg = Release|Any CPU
		{673B9D9D-02EA-4EF8-BB07-464E69E0583B}.Release|x86.Build.0 = Release|Any CPU
		{673B9D9D-02EA-4EF8-BB07-464E69E0583B}.Release|x86.Deploy.0 = Release|Any CPU
		{F0DBCC05-0276-421B-8719-84E4A29E6914}.Debug|Any CPU.ActiveCfg = Debug|iPhoneSimulator
		{F0DBCC05-0276-421B-8719-84E4A29E6914}.Debug|Any CPU.Build.0 = Debug|iPhoneSimulator
		{F0DBCC05-0276-421B-8719-84E4A29E6914}.Debug|Any CPU.Deploy.0 = Debug|iPhoneSimulator
		{F0DBCC05-0276-421B-8719-84E4A29E6914}.Debug|ARM.ActiveCfg = Debug|iPhoneSimulator
		{F0DBCC05-0276-421B-8719-84E4A29E6914}.Debug|ARM.Build.0 = Debug|iPhoneSimulator
		{F0DBCC05-0276-421B-8719-84E4A29E6914}.Debug|ARM.Deploy.0 = Debug|iPhoneSimulator
		{F0DBCC05-0276-421B-8719-84E4A29E6914}.Debug|iPhone.ActiveCfg = Debug|iPhone
		{F0DBCC05-0276-421B-8719-84E4A29E6914}.Debug|iPhone.Build.0 = Debug|iPhone
		{F0DBCC05-0276-421B-8719-84E4A29E6914}.Debug|iPhone.Deploy.0 = Debug|iPhone
		{F0DBCC05-0276-421B-8719-84E4A29E6914}.Debug|iPhoneSimulator.ActiveCfg = Debug|iPhoneSimulator
		{F0DBCC05-0276-421B-8719-84E4A29E6914}.Debug|iPhoneSimulator.Build.0 = Debug|iPhoneSimulator
		{F0DBCC05-0276-421B-8719-84E4A29E6914}.Debug|iPhoneSimulator.Deploy.0 = Debug|iPhoneSimulator
		{F0DBCC05-0276-421B-8719-84E4A29E6914}.Debug|x64.ActiveCfg = Debug|iPhone
		{F0DBCC05-0276-421B-8719-84E4A29E6914}.Debug|x64.Build.0 = Debug|iPhone
		{F0DBCC05-0276-421B-8719-84E4A29E6914}.Debug|x64.Deploy.0 = Debug|iPhone
		{F0DBCC05-0276-421B-8719-84E4A29E6914}.Debug|x86.ActiveCfg = Debug|iPhoneSimulator
		{F0DBCC05-0276-421B-8719-84E4A29E6914}.Debug|x86.Build.0 = Debug|iPhoneSimulator
		{F0DBCC05-0276-421B-8719-84E4A29E6914}.Debug|x86.Deploy.0 = Debug|iPhoneSimulator
		{F0DBCC05-0276-421B-8719-84E4A29E6914}.Release|Any CPU.ActiveCfg = Release|iPhoneSimulator
		{F0DBCC05-0276-421B-8719-84E4A29E6914}.Release|Any CPU.Build.0 = Release|iPhoneSimulator
		{F0DBCC05-0276-421B-8719-84E4A29E6914}.Release|Any CPU.Deploy.0 = Release|iPhoneSimulator
		{F0DBCC05-0276-421B-8719-84E4A29E6914}.Release|ARM.ActiveCfg = Release|iPhoneSimulator
		{F0DBCC05-0276-421B-8719-84E4A29E6914}.Release|ARM.Build.0 = Release|iPhoneSimulator
		{F0DBCC05-0276-421B-8719-84E4A29E6914}.Release|ARM.Deploy.0 = Release|iPhoneSimulator
		{F0DBCC05-0276-421B-8719-84E4A29E6914}.Release|iPhone.ActiveCfg = Release|iPhone
		{F0DBCC05-0276-421B-8719-84E4A29E6914}.Release|iPhone.Build.0 = Release|iPhone
		{F0DBCC05-0276-421B-8719-84E4A29E6914}.Release|iPhone.Deploy.0 = Release|iPhone
		{F0DBCC05-0276-421B-8719-84E4A29E6914}.Release|iPhoneSimulator.ActiveCfg = Release|iPhoneSimulator
		{F0DBCC05-0276-421B-8719-84E4A29E6914}.Release|iPhoneSimulator.Build.0 = Release|iPhoneSimulator
		{F0DBCC05-0276-421B-8719-84E4A29E6914}.Release|iPhoneSimulator.Deploy.0 = Release|iPhoneSimulator
		{F0DBCC05-0276-421B-8719-84E4A29E6914}.Release|x64.ActiveCfg = Release|iPhoneSimulator
		{F0DBCC05-0276-421B-8719-84E4A29E6914}.Release|x64.Build.0 = Release|iPhoneSimulator
		{F0DBCC05-0276-421B-8719-84E4A29E6914}.Release|x64.Deploy.0 = Release|iPhoneSimulator
		{F0DBCC05-0276-421B-8719-84E4A29E6914}.Release|x86.ActiveCfg = Release|iPhoneSimulator
		{F0DBCC05-0276-421B-8719-84E4A29E6914}.Release|x86.Build.0 = Release|iPhoneSimulator
		{F0DBCC05-0276-421B-8719-84E4A29E6914}.Release|x86.Deploy.0 = Release|iPhoneSimulator
		{E93E8113-6F80-4150-BA64-152B17ABF2DB}.Debug|Any CPU.ActiveCfg = Debug|Any CPU
		{E93E8113-6F80-4150-BA64-152B17ABF2DB}.Debug|Any CPU.Build.0 = Debug|Any CPU
		{E93E8113-6F80-4150-BA64-152B17ABF2DB}.Debug|Any CPU.Deploy.0 = Debug|Any CPU
		{E93E8113-6F80-4150-BA64-152B17ABF2DB}.Debug|ARM.ActiveCfg = Debug|Any CPU
		{E93E8113-6F80-4150-BA64-152B17ABF2DB}.Debug|ARM.Build.0 = Debug|Any CPU
		{E93E8113-6F80-4150-BA64-152B17ABF2DB}.Debug|ARM.Deploy.0 = Debug|Any CPU
		{E93E8113-6F80-4150-BA64-152B17ABF2DB}.Debug|iPhone.ActiveCfg = Debug|Any CPU
		{E93E8113-6F80-4150-BA64-152B17ABF2DB}.Debug|iPhone.Build.0 = Debug|Any CPU
		{E93E8113-6F80-4150-BA64-152B17ABF2DB}.Debug|iPhone.Deploy.0 = Debug|Any CPU
		{E93E8113-6F80-4150-BA64-152B17ABF2DB}.Debug|iPhoneSimulator.ActiveCfg = Debug|Any CPU
		{E93E8113-6F80-4150-BA64-152B17ABF2DB}.Debug|iPhoneSimulator.Build.0 = Debug|Any CPU
		{E93E8113-6F80-4150-BA64-152B17ABF2DB}.Debug|iPhoneSimulator.Deploy.0 = Debug|Any CPU
		{E93E8113-6F80-4150-BA64-152B17ABF2DB}.Debug|x64.ActiveCfg = Debug|Any CPU
		{E93E8113-6F80-4150-BA64-152B17ABF2DB}.Debug|x64.Build.0 = Debug|Any CPU
		{E93E8113-6F80-4150-BA64-152B17ABF2DB}.Debug|x64.Deploy.0 = Debug|Any CPU
		{E93E8113-6F80-4150-BA64-152B17ABF2DB}.Debug|x86.ActiveCfg = Debug|Any CPU
		{E93E8113-6F80-4150-BA64-152B17ABF2DB}.Debug|x86.Build.0 = Debug|Any CPU
		{E93E8113-6F80-4150-BA64-152B17ABF2DB}.Debug|x86.Deploy.0 = Debug|Any CPU
		{E93E8113-6F80-4150-BA64-152B17ABF2DB}.Release|Any CPU.ActiveCfg = Release|Any CPU
		{E93E8113-6F80-4150-BA64-152B17ABF2DB}.Release|Any CPU.Build.0 = Release|Any CPU
		{E93E8113-6F80-4150-BA64-152B17ABF2DB}.Release|Any CPU.Deploy.0 = Release|Any CPU
		{E93E8113-6F80-4150-BA64-152B17ABF2DB}.Release|ARM.ActiveCfg = Release|Any CPU
		{E93E8113-6F80-4150-BA64-152B17ABF2DB}.Release|ARM.Build.0 = Release|Any CPU
		{E93E8113-6F80-4150-BA64-152B17ABF2DB}.Release|ARM.Deploy.0 = Release|Any CPU
		{E93E8113-6F80-4150-BA64-152B17ABF2DB}.Release|iPhone.ActiveCfg = Release|Any CPU
		{E93E8113-6F80-4150-BA64-152B17ABF2DB}.Release|iPhone.Build.0 = Release|Any CPU
		{E93E8113-6F80-4150-BA64-152B17ABF2DB}.Release|iPhone.Deploy.0 = Release|Any CPU
		{E93E8113-6F80-4150-BA64-152B17ABF2DB}.Release|iPhoneSimulator.ActiveCfg = Release|Any CPU
		{E93E8113-6F80-4150-BA64-152B17ABF2DB}.Release|iPhoneSimulator.Build.0 = Release|Any CPU
		{E93E8113-6F80-4150-BA64-152B17ABF2DB}.Release|iPhoneSimulator.Deploy.0 = Release|Any CPU
		{E93E8113-6F80-4150-BA64-152B17ABF2DB}.Release|x64.ActiveCfg = Release|Any CPU
		{E93E8113-6F80-4150-BA64-152B17ABF2DB}.Release|x64.Build.0 = Release|Any CPU
		{E93E8113-6F80-4150-BA64-152B17ABF2DB}.Release|x64.Deploy.0 = Release|Any CPU
		{E93E8113-6F80-4150-BA64-152B17ABF2DB}.Release|x86.ActiveCfg = Release|Any CPU
		{E93E8113-6F80-4150-BA64-152B17ABF2DB}.Release|x86.Build.0 = Release|Any CPU
		{E93E8113-6F80-4150-BA64-152B17ABF2DB}.Release|x86.Deploy.0 = Release|Any CPU
	EndGlobalSection
	GlobalSection(SolutionProperties) = preSolution
		HideSolutionNode = FALSE
	EndGlobalSection
	GlobalSection(ExtensibilityGlobals) = postSolution
		SolutionGuid = {A599A04F-32BC-4D62-B918-A1C2BC68F65B}
	EndGlobalSection
EndGlobal
